// !$*UTF8*$!
{
	archiveVersion = 1;
	classes = {
	};
	objectVersion = 46;
	objects = {

/* Begin PBXBuildFile section */
		B71A608A17BE2C1F00C04BE9 /* libicucore.dylib in Frameworks */ = {isa = PBXBuildFile; fileRef = B71A608917BE2C1F00C04BE9 /* libicucore.dylib */; };
		B71A608C17BE2C2E00C04BE9 /* libz.1.2.5.dylib in Frameworks */ = {isa = PBXBuildFile; fileRef = B71A608B17BE2C2E00C04BE9 /* libz.1.2.5.dylib */; };
		B71A608E17BE2C4400C04BE9 /* MessageUI.framework in Frameworks */ = {isa = PBXBuildFile; fileRef = B71A608D17BE2C4400C04BE9 /* MessageUI.framework */; };
		B71A609017BE2C5000C04BE9 /* SystemConfiguration.framework in Frameworks */ = {isa = PBXBuildFile; fileRef = B71A608F17BE2C5000C04BE9 /* SystemConfiguration.framework */; };
		B71A609217BE2F3700C04BE9 /* libsqlite3.dylib in Frameworks */ = {isa = PBXBuildFile; fileRef = B71A609117BE2F3700C04BE9 /* libsqlite3.dylib */; };
		B71A609417BE2F5000C04BE9 /* libstdc++.dylib in Frameworks */ = {isa = PBXBuildFile; fileRef = B71A609317BE2F5000C04BE9 /* libstdc++.dylib */; };
		B71A609617BE2F5B00C04BE9 /* CoreTelephony.framework in Frameworks */ = {isa = PBXBuildFile; fileRef = B71A609517BE2F5B00C04BE9 /* CoreTelephony.framework */; };
		B7AEE52E17D1BEA8001BF8ED /* AutoRotateNavigationViewController.m in Sources */ = {isa = PBXBuildFile; fileRef = B7AEE52517D1BEA8001BF8ED /* AutoRotateNavigationViewController.m */; };
		B7AEE52F17D1BEA8001BF8ED /* GlobalFunctions.m in Sources */ = {isa = PBXBuildFile; fileRef = B7AEE52717D1BEA8001BF8ED /* GlobalFunctions.m */; };
		B7AEE53017D1BEA8001BF8ED /* UIDraggableView.m in Sources */ = {isa = PBXBuildFile; fileRef = B7AEE52817D1BEA8001BF8ED /* UIDraggableView.m */; };
		B7AEE53117D1BEA8001BF8ED /* UIRoundRectView.m in Sources */ = {isa = PBXBuildFile; fileRef = B7AEE52A17D1BEA8001BF8ED /* UIRoundRectView.m */; };
		B7AEE53217D1BEA8001BF8ED /* AutoLayoutHelper.m in Sources */ = {isa = PBXBuildFile; fileRef = B7AEE52C17D1BEA8001BF8ED /* AutoLayoutHelper.m */; };
		B7AEE53D17D1BEB9001BF8ED /* UIImage+Alpha.m in Sources */ = {isa = PBXBuildFile; fileRef = B7AEE53317D1BEB9001BF8ED /* UIImage+Alpha.m */; };
		B7AEE53E17D1BEB9001BF8ED /* UIImage+Tint.m in Sources */ = {isa = PBXBuildFile; fileRef = B7AEE53417D1BEB9001BF8ED /* UIImage+Tint.m */; };
		B7AEE53F17D1BEB9001BF8ED /* button-normal.png in Resources */ = {isa = PBXBuildFile; fileRef = B7AEE53617D1BEB9001BF8ED /* button-normal.png */; };
		B7AEE54017D1BEB9001BF8ED /* topleft-normal.png in Resources */ = {isa = PBXBuildFile; fileRef = B7AEE53717D1BEB9001BF8ED /* topleft-normal.png */; };
		B7AEE54117D1BEB9001BF8ED /* MyCategoryIVars.mm in Sources */ = {isa = PBXBuildFile; fileRef = B7AEE53917D1BEB9001BF8ED /* MyCategoryIVars.mm */; };
		B7AEE54217D1BEB9001BF8ED /* UIImage+ColorAtPixel.m in Sources */ = {isa = PBXBuildFile; fileRef = B7AEE53C17D1BEB9001BF8ED /* UIImage+ColorAtPixel.m */; };
		B7AEE54917D1BEC8001BF8ED /* ImageCell.m in Sources */ = {isa = PBXBuildFile; fileRef = B7AEE54317D1BEC8001BF8ED /* ImageCell.m */; };
		B7AEE54A17D1BEC8001BF8ED /* ImageNavigationViewController.m in Sources */ = {isa = PBXBuildFile; fileRef = B7AEE54417D1BEC8001BF8ED /* ImageNavigationViewController.m */; };
		B7AEE54B17D1BEC8001BF8ED /* ImageTableLayout.m in Sources */ = {isa = PBXBuildFile; fileRef = B7AEE54617D1BEC8001BF8ED /* ImageTableLayout.m */; };
		B7AEE56817D1BEDF001BF8ED /* NSIndexPath+PSTCollectionViewAdditions.m in Sources */ = {isa = PBXBuildFile; fileRef = B7AEE54D17D1BEDF001BF8ED /* NSIndexPath+PSTCollectionViewAdditions.m */; };
		B7AEE56917D1BEDF001BF8ED /* PSTCollectionView.m in Sources */ = {isa = PBXBuildFile; fileRef = B7AEE54F17D1BEDF001BF8ED /* PSTCollectionView.m */; };
		B7AEE56A17D1BEDF001BF8ED /* PSTCollectionViewCell.m in Sources */ = {isa = PBXBuildFile; fileRef = B7AEE55117D1BEDF001BF8ED /* PSTCollectionViewCell.m */; };
		B7AEE56B17D1BEDF001BF8ED /* PSTCollectionViewController.m in Sources */ = {isa = PBXBuildFile; fileRef = B7AEE55417D1BEDF001BF8ED /* PSTCollectionViewController.m */; };
		B7AEE56C17D1BEDF001BF8ED /* PSTCollectionViewData.m in Sources */ = {isa = PBXBuildFile; fileRef = B7AEE55617D1BEDF001BF8ED /* PSTCollectionViewData.m */; };
		B7AEE56D17D1BEDF001BF8ED /* PSTCollectionViewFlowLayout.m in Sources */ = {isa = PBXBuildFile; fileRef = B7AEE55817D1BEDF001BF8ED /* PSTCollectionViewFlowLayout.m */; };
		B7AEE56E17D1BEDF001BF8ED /* PSTCollectionViewItemKey.m in Sources */ = {isa = PBXBuildFile; fileRef = B7AEE55A17D1BEDF001BF8ED /* PSTCollectionViewItemKey.m */; };
		B7AEE56F17D1BEDF001BF8ED /* PSTCollectionViewLayout.m in Sources */ = {isa = PBXBuildFile; fileRef = B7AEE55C17D1BEDF001BF8ED /* PSTCollectionViewLayout.m */; };
		B7AEE57017D1BEDF001BF8ED /* PSTCollectionViewUpdateItem.m in Sources */ = {isa = PBXBuildFile; fileRef = B7AEE55F17D1BEDF001BF8ED /* PSTCollectionViewUpdateItem.m */; };
		B7AEE57117D1BEDF001BF8ED /* PSTGridLayoutInfo.m in Sources */ = {isa = PBXBuildFile; fileRef = B7AEE56117D1BEDF001BF8ED /* PSTGridLayoutInfo.m */; };
		B7AEE57217D1BEDF001BF8ED /* PSTGridLayoutItem.m in Sources */ = {isa = PBXBuildFile; fileRef = B7AEE56317D1BEDF001BF8ED /* PSTGridLayoutItem.m */; };
		B7AEE57317D1BEDF001BF8ED /* PSTGridLayoutRow.m in Sources */ = {isa = PBXBuildFile; fileRef = B7AEE56517D1BEDF001BF8ED /* PSTGridLayoutRow.m */; };
		B7AEE57417D1BEDF001BF8ED /* PSTGridLayoutSection.m in Sources */ = {isa = PBXBuildFile; fileRef = B7AEE56717D1BEDF001BF8ED /* PSTGridLayoutSection.m */; };
		B7AEE5AB17D1BEFE001BF8ED /* home-background.jpg in Resources */ = {isa = PBXBuildFile; fileRef = B7AEE57517D1BEFD001BF8ED /* home-background.jpg */; };
		B7AEE5AC17D1BEFE001BF8ED /* logo72-3.png in Resources */ = {isa = PBXBuildFile; fileRef = B7AEE57617D1BEFD001BF8ED /* logo72-3.png */; };
		B7AEE5AD17D1BEFE001BF8ED /* logo72-2.png in Resources */ = {isa = PBXBuildFile; fileRef = B7AEE57717D1BEFD001BF8ED /* logo72-2.png */; };
		B7AEE5AE17D1BEFE001BF8ED /* logo72.png in Resources */ = {isa = PBXBuildFile; fileRef = B7AEE57817D1BEFD001BF8ED /* logo72.png */; };
		B7AEE5B117D1BEFE001BF8ED /* wine1.png in Resources */ = {isa = PBXBuildFile; fileRef = B7AEE57B17D1BEFD001BF8ED /* wine1.png */; };
		B7AEE5B217D1BEFE001BF8ED /* wine2.png in Resources */ = {isa = PBXBuildFile; fileRef = B7AEE57C17D1BEFD001BF8ED /* wine2.png */; };
		B7AEE5B317D1BEFE001BF8ED /* wine3.png in Resources */ = {isa = PBXBuildFile; fileRef = B7AEE57D17D1BEFD001BF8ED /* wine3.png */; };
		B7AEE5B417D1BEFE001BF8ED /* wine4.png in Resources */ = {isa = PBXBuildFile; fileRef = B7AEE57E17D1BEFD001BF8ED /* wine4.png */; };
		B7AEE5B517D1BEFE001BF8ED /* wine5.png in Resources */ = {isa = PBXBuildFile; fileRef = B7AEE57F17D1BEFD001BF8ED /* wine5.png */; };
		B7AEE5B617D1BEFE001BF8ED /* wine6.png in Resources */ = {isa = PBXBuildFile; fileRef = B7AEE58017D1BEFD001BF8ED /* wine6.png */; };
		B7AEE5B717D1BEFE001BF8ED /* wine7.png in Resources */ = {isa = PBXBuildFile; fileRef = B7AEE58117D1BEFD001BF8ED /* wine7.png */; };
		B7AEE5B817D1BEFE001BF8ED /* wine8.png in Resources */ = {isa = PBXBuildFile; fileRef = B7AEE58217D1BEFD001BF8ED /* wine8.png */; };
		B7AEE5B917D1BEFE001BF8ED /* wine9.png in Resources */ = {isa = PBXBuildFile; fileRef = B7AEE58317D1BEFD001BF8ED /* wine9.png */; };
		B7AEE5BA17D1BEFE001BF8ED /* wine10.png in Resources */ = {isa = PBXBuildFile; fileRef = B7AEE58417D1BEFD001BF8ED /* wine10.png */; };
		B7AEE5BB17D1BEFE001BF8ED /* wine11.png in Resources */ = {isa = PBXBuildFile; fileRef = B7AEE58517D1BEFD001BF8ED /* wine11.png */; };
		B7AEE5BC17D1BEFE001BF8ED /* wine12.png in Resources */ = {isa = PBXBuildFile; fileRef = B7AEE58617D1BEFD001BF8ED /* wine12.png */; };
		B7AEE5BD17D1BEFE001BF8ED /* wine13.png in Resources */ = {isa = PBXBuildFile; fileRef = B7AEE58717D1BEFD001BF8ED /* wine13.png */; };
		B7AEE5BE17D1BEFE001BF8ED /* wine14.png in Resources */ = {isa = PBXBuildFile; fileRef = B7AEE58817D1BEFD001BF8ED /* wine14.png */; };
		B7AEE5BF17D1BEFE001BF8ED /* wine15.png in Resources */ = {isa = PBXBuildFile; fileRef = B7AEE58917D1BEFD001BF8ED /* wine15.png */; };
		B7AEE5C017D1BEFE001BF8ED /* wine16.png in Resources */ = {isa = PBXBuildFile; fileRef = B7AEE58A17D1BEFD001BF8ED /* wine16.png */; };
		B7AEE5C117D1BEFE001BF8ED /* wine17.png in Resources */ = {isa = PBXBuildFile; fileRef = B7AEE58B17D1BEFD001BF8ED /* wine17.png */; };
		B7AEE5C217D1BEFE001BF8ED /* wine18.png in Resources */ = {isa = PBXBuildFile; fileRef = B7AEE58C17D1BEFD001BF8ED /* wine18.png */; };
		B7AEE5C317D1BEFE001BF8ED /* wine19.png in Resources */ = {isa = PBXBuildFile; fileRef = B7AEE58D17D1BEFD001BF8ED /* wine19.png */; };
		B7AEE5C417D1BEFE001BF8ED /* wine20.png in Resources */ = {isa = PBXBuildFile; fileRef = B7AEE58E17D1BEFD001BF8ED /* wine20.png */; };
		B7AEE5C517D1BEFE001BF8ED /* wine21.png in Resources */ = {isa = PBXBuildFile; fileRef = B7AEE58F17D1BEFD001BF8ED /* wine21.png */; };
		B7AEE5C617D1BEFE001BF8ED /* wine22.png in Resources */ = {isa = PBXBuildFile; fileRef = B7AEE59017D1BEFD001BF8ED /* wine22.png */; };
		B7AEE5C717D1BEFE001BF8ED /* wine23.png in Resources */ = {isa = PBXBuildFile; fileRef = B7AEE59117D1BEFD001BF8ED /* wine23.png */; };
		B7AEE5C817D1BEFE001BF8ED /* wine24.png in Resources */ = {isa = PBXBuildFile; fileRef = B7AEE59217D1BEFD001BF8ED /* wine24.png */; };
		B7AEE5CA17D1BEFE001BF8ED /* single-9.png in Resources */ = {isa = PBXBuildFile; fileRef = B7AEE59417D1BEFD001BF8ED /* single-9.png */; };
		B7AEE5CB17D1BEFE001BF8ED /* single-8.png in Resources */ = {isa = PBXBuildFile; fileRef = B7AEE59517D1BEFD001BF8ED /* single-8.png */; };
		B7AEE5CC17D1BEFE001BF8ED /* single-7.png in Resources */ = {isa = PBXBuildFile; fileRef = B7AEE59617D1BEFD001BF8ED /* single-7.png */; };
		B7AEE5CD17D1BEFE001BF8ED /* single-6.png in Resources */ = {isa = PBXBuildFile; fileRef = B7AEE59717D1BEFD001BF8ED /* single-6.png */; };
		B7AEE5CE17D1BEFE001BF8ED /* single-5.png in Resources */ = {isa = PBXBuildFile; fileRef = B7AEE59817D1BEFD001BF8ED /* single-5.png */; };
		B7AEE5CF17D1BEFE001BF8ED /* single-4.png in Resources */ = {isa = PBXBuildFile; fileRef = B7AEE59917D1BEFD001BF8ED /* single-4.png */; };
		B7AEE5D017D1BEFE001BF8ED /* single-3.png in Resources */ = {isa = PBXBuildFile; fileRef = B7AEE59A17D1BEFD001BF8ED /* single-3.png */; };
		B7AEE5D117D1BEFE001BF8ED /* single-2.png in Resources */ = {isa = PBXBuildFile; fileRef = B7AEE59B17D1BEFD001BF8ED /* single-2.png */; };
		B7AEE5D217D1BEFE001BF8ED /* single-1.png in Resources */ = {isa = PBXBuildFile; fileRef = B7AEE59C17D1BEFD001BF8ED /* single-1.png */; };
		B7AEE5D317D1BEFE001BF8ED /* single-16.png in Resources */ = {isa = PBXBuildFile; fileRef = B7AEE59D17D1BEFD001BF8ED /* single-16.png */; };
		B7AEE5D417D1BEFE001BF8ED /* single-15.png in Resources */ = {isa = PBXBuildFile; fileRef = B7AEE59E17D1BEFD001BF8ED /* single-15.png */; };
		B7AEE5D517D1BEFE001BF8ED /* single-14.png in Resources */ = {isa = PBXBuildFile; fileRef = B7AEE59F17D1BEFD001BF8ED /* single-14.png */; };
		B7AEE5D617D1BEFE001BF8ED /* single-13.png in Resources */ = {isa = PBXBuildFile; fileRef = B7AEE5A017D1BEFD001BF8ED /* single-13.png */; };
		B7AEE5D717D1BEFE001BF8ED /* single-12.png in Resources */ = {isa = PBXBuildFile; fileRef = B7AEE5A117D1BEFD001BF8ED /* single-12.png */; };
		B7AEE5D817D1BEFE001BF8ED /* single-11.png in Resources */ = {isa = PBXBuildFile; fileRef = B7AEE5A217D1BEFD001BF8ED /* single-11.png */; };
		B7AEE5D917D1BEFE001BF8ED /* single-10.png in Resources */ = {isa = PBXBuildFile; fileRef = B7AEE5A317D1BEFD001BF8ED /* single-10.png */; };
		B7AEE5DA17D1BEFE001BF8ED /* rightbutton.png in Resources */ = {isa = PBXBuildFile; fileRef = B7AEE5A417D1BEFE001BF8ED /* rightbutton.png */; };
		B7AEE5DB17D1BEFE001BF8ED /* leftbutton.png in Resources */ = {isa = PBXBuildFile; fileRef = B7AEE5A517D1BEFE001BF8ED /* leftbutton.png */; };
		B7AEE5DC17D1BEFE001BF8ED /* single-back.jpg in Resources */ = {isa = PBXBuildFile; fileRef = B7AEE5A617D1BEFE001BF8ED /* single-back.jpg */; };
		B7AEE5DD17D1BEFE001BF8ED /* wines-back-button.png in Resources */ = {isa = PBXBuildFile; fileRef = B7AEE5A717D1BEFE001BF8ED /* wines-back-button.png */; };
		B7AEE5DE17D1BEFE001BF8ED /* wines-back.jpg in Resources */ = {isa = PBXBuildFile; fileRef = B7AEE5A817D1BEFE001BF8ED /* wines-back.jpg */; };
		B7AEE5DF17D1BEFE001BF8ED /* home-button2.png in Resources */ = {isa = PBXBuildFile; fileRef = B7AEE5A917D1BEFE001BF8ED /* home-button2.png */; };
		B7AEE5E017D1BEFE001BF8ED /* home-button1.png in Resources */ = {isa = PBXBuildFile; fileRef = B7AEE5AA17D1BEFE001BF8ED /* home-button1.png */; };
		B7AEE5EB17D1BF32001BF8ED /* AppDelegate.m in Sources */ = {isa = PBXBuildFile; fileRef = B7AEE5E217D1BF32001BF8ED /* AppDelegate.m */; };
		B7AEE5EC17D1BF32001BF8ED /* ViewController.m in Sources */ = {isa = PBXBuildFile; fileRef = B7AEE5E417D1BF32001BF8ED /* ViewController.m */; };
		B7AEE5ED17D1BF32001BF8ED /* WineBigViewController.m in Sources */ = {isa = PBXBuildFile; fileRef = B7AEE5E617D1BF32001BF8ED /* WineBigViewController.m */; };
		B7AEE5EE17D1BF32001BF8ED /* WineBigViewController.xib in Resources */ = {isa = PBXBuildFile; fileRef = B7AEE5E717D1BF32001BF8ED /* WineBigViewController.xib */; };
		B7AEE5EF17D1BF32001BF8ED /* WinesViewController.m in Sources */ = {isa = PBXBuildFile; fileRef = B7AEE5E917D1BF32001BF8ED /* WinesViewController.m */; };
		B7AEE5F017D1BF32001BF8ED /* WinesViewController.xib in Resources */ = {isa = PBXBuildFile; fileRef = B7AEE5EA17D1BF32001BF8ED /* WinesViewController.xib */; };
		B7AEE5F217D1BF5D001BF8ED /* ViewController.xib in Resources */ = {isa = PBXBuildFile; fileRef = B7AEE5F117D1BF5D001BF8ED /* ViewController.xib */; };
		B7AEE60317D1C03F001BF8ED /* InfoPlist.strings in Resources */ = {isa = PBXBuildFile; fileRef = B7AEE60117D1C03F001BF8ED /* InfoPlist.strings */; };
		B7AEE60D17D1C09F001BF8ED /* Default-568h@2x.png in Resources */ = {isa = PBXBuildFile; fileRef = B7AEE60417D1C09F001BF8ED /* Default-568h@2x.png */; };
		B7AEE60F17D1C09F001BF8ED /* Default.png in Resources */ = {isa = PBXBuildFile; fileRef = B7AEE60617D1C09F001BF8ED /* Default.png */; };
		B7AEE61017D1C09F001BF8ED /* Default@2x.png in Resources */ = {isa = PBXBuildFile; fileRef = B7AEE60717D1C09F001BF8ED /* Default@2x.png */; };
		B7AEE61117D1C09F001BF8ED /* logo72-3.png in Resources */ = {isa = PBXBuildFile; fileRef = B7AEE60817D1C09F001BF8ED /* logo72-3.png */; };
		B7AEE61217D1C09F001BF8ED /* main.m in Sources */ = {isa = PBXBuildFile; fileRef = B7AEE60917D1C09F001BF8ED /* main.m */; };
		B7AEE61317D1C09F001BF8ED /* Wine-Info.plist in Resources */ = {isa = PBXBuildFile; fileRef = B7AEE60A17D1C09F001BF8ED /* Wine-Info.plist */; };
		B7AEE61417D1C09F001BF8ED /* Wine.entitlements in Resources */ = {isa = PBXBuildFile; fileRef = B7AEE60C17D1C09F001BF8ED /* Wine.entitlements */; };
		B7AEE61917D1C303001BF8ED /* ALCHEMY_EDIT_006-H264_720P.mov in Resources */ = {isa = PBXBuildFile; fileRef = B7AEE61617D1C303001BF8ED /* ALCHEMY_EDIT_006-H264_720P.mov */; };
		B7AEE61A17D1C303001BF8ED /* movie1.m4v in Resources */ = {isa = PBXBuildFile; fileRef = B7AEE61717D1C303001BF8ED /* movie1.m4v */; };
		B7AEE61B17D1C303001BF8ED /* RGS+video+final.mov in Resources */ = {isa = PBXBuildFile; fileRef = B7AEE61817D1C303001BF8ED /* RGS+video+final.mov */; };
		B7B0A72217B68C11001E8DAD /* QuartzCore.framework in Frameworks */ = {isa = PBXBuildFile; fileRef = B7B0A72117B68C11001E8DAD /* QuartzCore.framework */; };
		B7B1222617B13A3A00A6A1D4 /* UIKit.framework in Frameworks */ = {isa = PBXBuildFile; fileRef = B7B1222517B13A3A00A6A1D4 /* UIKit.framework */; };
		B7B1222817B13A3A00A6A1D4 /* Foundation.framework in Frameworks */ = {isa = PBXBuildFile; fileRef = B7B1222717B13A3A00A6A1D4 /* Foundation.framework */; };
		B7B1222A17B13A3A00A6A1D4 /* CoreGraphics.framework in Frameworks */ = {isa = PBXBuildFile; fileRef = B7B1222917B13A3A00A6A1D4 /* CoreGraphics.framework */; };
		B7B64E1C17CCF0A60040E0F0 /* MediaPlayer.framework in Frameworks */ = {isa = PBXBuildFile; fileRef = B7B64E1B17CCF0A60040E0F0 /* MediaPlayer.framework */; };
/* End PBXBuildFile section */

/* Begin PBXFileReference section */
		B71A608917BE2C1F00C04BE9 /* libicucore.dylib */ = {isa = PBXFileReference; lastKnownFileType = "compiled.mach-o.dylib"; name = libicucore.dylib; path = usr/lib/libicucore.dylib; sourceTree = SDKROOT; };
		B71A608B17BE2C2E00C04BE9 /* libz.1.2.5.dylib */ = {isa = PBXFileReference; lastKnownFileType = "compiled.mach-o.dylib"; name = libz.1.2.5.dylib; path = usr/lib/libz.1.2.5.dylib; sourceTree = SDKROOT; };
		B71A608D17BE2C4400C04BE9 /* MessageUI.framework */ = {isa = PBXFileReference; lastKnownFileType = wrapper.framework; name = MessageUI.framework; path = System/Library/Frameworks/MessageUI.framework; sourceTree = SDKROOT; };
		B71A608F17BE2C5000C04BE9 /* SystemConfiguration.framework */ = {isa = PBXFileReference; lastKnownFileType = wrapper.framework; name = SystemConfiguration.framework; path = System/Library/Frameworks/SystemConfiguration.framework; sourceTree = SDKROOT; };
		B71A609117BE2F3700C04BE9 /* libsqlite3.dylib */ = {isa = PBXFileReference; lastKnownFileType = "compiled.mach-o.dylib"; name = libsqlite3.dylib; path = usr/lib/libsqlite3.dylib; sourceTree = SDKROOT; };
		B71A609317BE2F5000C04BE9 /* libstdc++.dylib */ = {isa = PBXFileReference; lastKnownFileType = "compiled.mach-o.dylib"; name = "libstdc++.dylib"; path = "usr/lib/libstdc++.dylib"; sourceTree = SDKROOT; };
		B71A609517BE2F5B00C04BE9 /* CoreTelephony.framework */ = {isa = PBXFileReference; lastKnownFileType = wrapper.framework; name = CoreTelephony.framework; path = System/Library/Frameworks/CoreTelephony.framework; sourceTree = SDKROOT; };
		B7AEE52417D1BEA8001BF8ED /* AutoRotateNavigationViewController.h */ = {isa = PBXFileReference; fileEncoding = 4; lastKnownFileType = sourcecode.c.h; name = AutoRotateNavigationViewController.h; path = Src/Utilities/AutoRotateNavigationViewController.h; sourceTree = SOURCE_ROOT; };
		B7AEE52517D1BEA8001BF8ED /* AutoRotateNavigationViewController.m */ = {isa = PBXFileReference; fileEncoding = 4; lastKnownFileType = sourcecode.c.objc; name = AutoRotateNavigationViewController.m; path = Src/Utilities/AutoRotateNavigationViewController.m; sourceTree = SOURCE_ROOT; };
		B7AEE52617D1BEA8001BF8ED /* GlobalFunctions.h */ = {isa = PBXFileReference; fileEncoding = 4; lastKnownFileType = sourcecode.c.h; name = GlobalFunctions.h; path = Src/Utilities/GlobalFunctions.h; sourceTree = SOURCE_ROOT; };
		B7AEE52717D1BEA8001BF8ED /* GlobalFunctions.m */ = {isa = PBXFileReference; fileEncoding = 4; lastKnownFileType = sourcecode.c.objc; name = GlobalFunctions.m; path = Src/Utilities/GlobalFunctions.m; sourceTree = SOURCE_ROOT; };
		B7AEE52817D1BEA8001BF8ED /* UIDraggableView.m */ = {isa = PBXFileReference; fileEncoding = 4; lastKnownFileType = sourcecode.c.objc; name = UIDraggableView.m; path = Src/Utilities/UIDraggableView.m; sourceTree = SOURCE_ROOT; };
		B7AEE52917D1BEA8001BF8ED /* UIDraggableView.h */ = {isa = PBXFileReference; fileEncoding = 4; lastKnownFileType = sourcecode.c.h; name = UIDraggableView.h; path = Src/Utilities/UIDraggableView.h; sourceTree = SOURCE_ROOT; };
		B7AEE52A17D1BEA8001BF8ED /* UIRoundRectView.m */ = {isa = PBXFileReference; fileEncoding = 4; lastKnownFileType = sourcecode.c.objc; name = UIRoundRectView.m; path = Src/Utilities/UIRoundRectView.m; sourceTree = SOURCE_ROOT; };
		B7AEE52B17D1BEA8001BF8ED /* UIRoundRectView.h */ = {isa = PBXFileReference; fileEncoding = 4; lastKnownFileType = sourcecode.c.h; name = UIRoundRectView.h; path = Src/Utilities/UIRoundRectView.h; sourceTree = SOURCE_ROOT; };
		B7AEE52C17D1BEA8001BF8ED /* AutoLayoutHelper.m */ = {isa = PBXFileReference; fileEncoding = 4; lastKnownFileType = sourcecode.c.objc; name = AutoLayoutHelper.m; path = Src/Utilities/AutoLayoutHelper.m; sourceTree = SOURCE_ROOT; };
		B7AEE52D17D1BEA8001BF8ED /* AutoLayoutHelper.h */ = {isa = PBXFileReference; fileEncoding = 4; lastKnownFileType = sourcecode.c.h; name = AutoLayoutHelper.h; path = Src/Utilities/AutoLayoutHelper.h; sourceTree = SOURCE_ROOT; };
		B7AEE53317D1BEB9001BF8ED /* UIImage+Alpha.m */ = {isa = PBXFileReference; fileEncoding = 4; lastKnownFileType = sourcecode.c.objc; name = "UIImage+Alpha.m"; path = "Src/UIImage+ColorAtPixel/UIImage+Alpha.m"; sourceTree = SOURCE_ROOT; };
		B7AEE53417D1BEB9001BF8ED /* UIImage+Tint.m */ = {isa = PBXFileReference; fileEncoding = 4; lastKnownFileType = sourcecode.c.objc; name = "UIImage+Tint.m"; path = "Src/UIImage+ColorAtPixel/UIImage+Tint.m"; sourceTree = SOURCE_ROOT; };
		B7AEE53517D1BEB9001BF8ED /* UIImage+Tint.h */ = {isa = PBXFileReference; fileEncoding = 4; lastKnownFileType = sourcecode.c.h; name = "UIImage+Tint.h"; path = "Src/UIImage+ColorAtPixel/UIImage+Tint.h"; sourceTree = SOURCE_ROOT; };
		B7AEE53617D1BEB9001BF8ED /* button-normal.png */ = {isa = PBXFileReference; lastKnownFileType = image.png; name = "button-normal.png"; path = "Src/UIImage+ColorAtPixel/button-normal.png"; sourceTree = SOURCE_ROOT; };
		B7AEE53717D1BEB9001BF8ED /* topleft-normal.png */ = {isa = PBXFileReference; lastKnownFileType = image.png; name = "topleft-normal.png"; path = "Src/UIImage+ColorAtPixel/topleft-normal.png"; sourceTree = SOURCE_ROOT; };
		B7AEE53817D1BEB9001BF8ED /* MyCategoryIVars.h */ = {isa = PBXFileReference; fileEncoding = 4; lastKnownFileType = sourcecode.c.h; name = MyCategoryIVars.h; path = "Src/UIImage+ColorAtPixel/MyCategoryIVars.h"; sourceTree = SOURCE_ROOT; };
		B7AEE53917D1BEB9001BF8ED /* MyCategoryIVars.mm */ = {isa = PBXFileReference; fileEncoding = 4; lastKnownFileType = sourcecode.cpp.objcpp; name = MyCategoryIVars.mm; path = "Src/UIImage+ColorAtPixel/MyCategoryIVars.mm"; sourceTree = SOURCE_ROOT; };
		B7AEE53A17D1BEB9001BF8ED /* UIImage+Alpha.h */ = {isa = PBXFileReference; fileEncoding = 4; lastKnownFileType = sourcecode.c.h; name = "UIImage+Alpha.h"; path = "Src/UIImage+ColorAtPixel/UIImage+Alpha.h"; sourceTree = SOURCE_ROOT; };
		B7AEE53B17D1BEB9001BF8ED /* UIImage+ColorAtPixel.h */ = {isa = PBXFileReference; fileEncoding = 4; lastKnownFileType = sourcecode.c.h; name = "UIImage+ColorAtPixel.h"; path = "Src/UIImage+ColorAtPixel/UIImage+ColorAtPixel.h"; sourceTree = SOURCE_ROOT; };
		B7AEE53C17D1BEB9001BF8ED /* UIImage+ColorAtPixel.m */ = {isa = PBXFileReference; fileEncoding = 4; lastKnownFileType = sourcecode.c.objc; name = "UIImage+ColorAtPixel.m"; path = "Src/UIImage+ColorAtPixel/UIImage+ColorAtPixel.m"; sourceTree = SOURCE_ROOT; };
		B7AEE54317D1BEC8001BF8ED /* ImageCell.m */ = {isa = PBXFileReference; fileEncoding = 4; lastKnownFileType = sourcecode.c.objc; name = ImageCell.m; path = Src/ImageNavigation/ImageCell.m; sourceTree = SOURCE_ROOT; };
		B7AEE54417D1BEC8001BF8ED /* ImageNavigationViewController.m */ = {isa = PBXFileReference; fileEncoding = 4; lastKnownFileType = sourcecode.c.objc; name = ImageNavigationViewController.m; path = Src/ImageNavigation/ImageNavigationViewController.m; sourceTree = SOURCE_ROOT; };
		B7AEE54517D1BEC8001BF8ED /* ImageNavigationViewController.h */ = {isa = PBXFileReference; fileEncoding = 4; lastKnownFileType = sourcecode.c.h; name = ImageNavigationViewController.h; path = Src/ImageNavigation/ImageNavigationViewController.h; sourceTree = SOURCE_ROOT; };
		B7AEE54617D1BEC8001BF8ED /* ImageTableLayout.m */ = {isa = PBXFileReference; fileEncoding = 4; lastKnownFileType = sourcecode.c.objc; name = ImageTableLayout.m; path = Src/ImageNavigation/ImageTableLayout.m; sourceTree = SOURCE_ROOT; };
		B7AEE54717D1BEC8001BF8ED /* ImageCell.h */ = {isa = PBXFileReference; fileEncoding = 4; lastKnownFileType = sourcecode.c.h; name = ImageCell.h; path = Src/ImageNavigation/ImageCell.h; sourceTree = SOURCE_ROOT; };
		B7AEE54817D1BEC8001BF8ED /* ImageTableLayout.h */ = {isa = PBXFileReference; fileEncoding = 4; lastKnownFileType = sourcecode.c.h; name = ImageTableLayout.h; path = Src/ImageNavigation/ImageTableLayout.h; sourceTree = SOURCE_ROOT; };
		B7AEE54C17D1BEDF001BF8ED /* NSIndexPath+PSTCollectionViewAdditions.h */ = {isa = PBXFileReference; fileEncoding = 4; lastKnownFileType = sourcecode.c.h; name = "NSIndexPath+PSTCollectionViewAdditions.h"; path = "Src/PSTCollectionView/NSIndexPath+PSTCollectionViewAdditions.h"; sourceTree = SOURCE_ROOT; };
		B7AEE54D17D1BEDF001BF8ED /* NSIndexPath+PSTCollectionViewAdditions.m */ = {isa = PBXFileReference; fileEncoding = 4; lastKnownFileType = sourcecode.c.objc; name = "NSIndexPath+PSTCollectionViewAdditions.m"; path = "Src/PSTCollectionView/NSIndexPath+PSTCollectionViewAdditions.m"; sourceTree = SOURCE_ROOT; };
		B7AEE54E17D1BEDF001BF8ED /* PSTCollectionView.h */ = {isa = PBXFileReference; fileEncoding = 4; lastKnownFileType = sourcecode.c.h; name = PSTCollectionView.h; path = Src/PSTCollectionView/PSTCollectionView.h; sourceTree = SOURCE_ROOT; };
		B7AEE54F17D1BEDF001BF8ED /* PSTCollectionView.m */ = {isa = PBXFileReference; fileEncoding = 4; lastKnownFileType = sourcecode.c.objc; name = PSTCollectionView.m; path = Src/PSTCollectionView/PSTCollectionView.m; sourceTree = SOURCE_ROOT; };
		B7AEE55017D1BEDF001BF8ED /* PSTCollectionViewCell.h */ = {isa = PBXFileReference; fileEncoding = 4; lastKnownFileType = sourcecode.c.h; name = PSTCollectionViewCell.h; path = Src/PSTCollectionView/PSTCollectionViewCell.h; sourceTree = SOURCE_ROOT; };
		B7AEE55117D1BEDF001BF8ED /* PSTCollectionViewCell.m */ = {isa = PBXFileReference; fileEncoding = 4; lastKnownFileType = sourcecode.c.objc; name = PSTCollectionViewCell.m; path = Src/PSTCollectionView/PSTCollectionViewCell.m; sourceTree = SOURCE_ROOT; };
		B7AEE55217D1BEDF001BF8ED /* PSTCollectionViewCommon.h */ = {isa = PBXFileReference; fileEncoding = 4; lastKnownFileType = sourcecode.c.h; name = PSTCollectionViewCommon.h; path = Src/PSTCollectionView/PSTCollectionViewCommon.h; sourceTree = SOURCE_ROOT; };
		B7AEE55317D1BEDF001BF8ED /* PSTCollectionViewController.h */ = {isa = PBXFileReference; fileEncoding = 4; lastKnownFileType = sourcecode.c.h; name = PSTCollectionViewController.h; path = Src/PSTCollectionView/PSTCollectionViewController.h; sourceTree = SOURCE_ROOT; };
		B7AEE55417D1BEDF001BF8ED /* PSTCollectionViewController.m */ = {isa = PBXFileReference; fileEncoding = 4; lastKnownFileType = sourcecode.c.objc; name = PSTCollectionViewController.m; path = Src/PSTCollectionView/PSTCollectionViewController.m; sourceTree = SOURCE_ROOT; };
		B7AEE55517D1BEDF001BF8ED /* PSTCollectionViewData.h */ = {isa = PBXFileReference; fileEncoding = 4; lastKnownFileType = sourcecode.c.h; name = PSTCollectionViewData.h; path = Src/PSTCollectionView/PSTCollectionViewData.h; sourceTree = SOURCE_ROOT; };
		B7AEE55617D1BEDF001BF8ED /* PSTCollectionViewData.m */ = {isa = PBXFileReference; fileEncoding = 4; lastKnownFileType = sourcecode.c.objc; name = PSTCollectionViewData.m; path = Src/PSTCollectionView/PSTCollectionViewData.m; sourceTree = SOURCE_ROOT; };
		B7AEE55717D1BEDF001BF8ED /* PSTCollectionViewFlowLayout.h */ = {isa = PBXFileReference; fileEncoding = 4; lastKnownFileType = sourcecode.c.h; name = PSTCollectionViewFlowLayout.h; path = Src/PSTCollectionView/PSTCollectionViewFlowLayout.h; sourceTree = SOURCE_ROOT; };
		B7AEE55817D1BEDF001BF8ED /* PSTCollectionViewFlowLayout.m */ = {isa = PBXFileReference; fileEncoding = 4; lastKnownFileType = sourcecode.c.objc; name = PSTCollectionViewFlowLayout.m; path = Src/PSTCollectionView/PSTCollectionViewFlowLayout.m; sourceTree = SOURCE_ROOT; };
		B7AEE55917D1BEDF001BF8ED /* PSTCollectionViewItemKey.h */ = {isa = PBXFileReference; fileEncoding = 4; lastKnownFileType = sourcecode.c.h; name = PSTCollectionViewItemKey.h; path = Src/PSTCollectionView/PSTCollectionViewItemKey.h; sourceTree = SOURCE_ROOT; };
		B7AEE55A17D1BEDF001BF8ED /* PSTCollectionViewItemKey.m */ = {isa = PBXFileReference; fileEncoding = 4; lastKnownFileType = sourcecode.c.objc; name = PSTCollectionViewItemKey.m; path = Src/PSTCollectionView/PSTCollectionViewItemKey.m; sourceTree = SOURCE_ROOT; };
		B7AEE55B17D1BEDF001BF8ED /* PSTCollectionViewLayout.h */ = {isa = PBXFileReference; fileEncoding = 4; lastKnownFileType = sourcecode.c.h; name = PSTCollectionViewLayout.h; path = Src/PSTCollectionView/PSTCollectionViewLayout.h; sourceTree = SOURCE_ROOT; };
		B7AEE55C17D1BEDF001BF8ED /* PSTCollectionViewLayout.m */ = {isa = PBXFileReference; fileEncoding = 4; lastKnownFileType = sourcecode.c.objc; name = PSTCollectionViewLayout.m; path = Src/PSTCollectionView/PSTCollectionViewLayout.m; sourceTree = SOURCE_ROOT; };
		B7AEE55D17D1BEDF001BF8ED /* PSTCollectionViewLayout+Internals.h */ = {isa = PBXFileReference; fileEncoding = 4; lastKnownFileType = sourcecode.c.h; name = "PSTCollectionViewLayout+Internals.h"; path = "Src/PSTCollectionView/PSTCollectionViewLayout+Internals.h"; sourceTree = SOURCE_ROOT; };
		B7AEE55E17D1BEDF001BF8ED /* PSTCollectionViewUpdateItem.h */ = {isa = PBXFileReference; fileEncoding = 4; lastKnownFileType = sourcecode.c.h; name = PSTCollectionViewUpdateItem.h; path = Src/PSTCollectionView/PSTCollectionViewUpdateItem.h; sourceTree = SOURCE_ROOT; };
		B7AEE55F17D1BEDF001BF8ED /* PSTCollectionViewUpdateItem.m */ = {isa = PBXFileReference; fileEncoding = 4; lastKnownFileType = sourcecode.c.objc; name = PSTCollectionViewUpdateItem.m; path = Src/PSTCollectionView/PSTCollectionViewUpdateItem.m; sourceTree = SOURCE_ROOT; };
		B7AEE56017D1BEDF001BF8ED /* PSTGridLayoutInfo.h */ = {isa = PBXFileReference; fileEncoding = 4; lastKnownFileType = sourcecode.c.h; name = PSTGridLayoutInfo.h; path = Src/PSTCollectionView/PSTGridLayoutInfo.h; sourceTree = SOURCE_ROOT; };
		B7AEE56117D1BEDF001BF8ED /* PSTGridLayoutInfo.m */ = {isa = PBXFileReference; fileEncoding = 4; lastKnownFileType = sourcecode.c.objc; name = PSTGridLayoutInfo.m; path = Src/PSTCollectionView/PSTGridLayoutInfo.m; sourceTree = SOURCE_ROOT; };
		B7AEE56217D1BEDF001BF8ED /* PSTGridLayoutItem.h */ = {isa = PBXFileReference; fileEncoding = 4; lastKnownFileType = sourcecode.c.h; name = PSTGridLayoutItem.h; path = Src/PSTCollectionView/PSTGridLayoutItem.h; sourceTree = SOURCE_ROOT; };
		B7AEE56317D1BEDF001BF8ED /* PSTGridLayoutItem.m */ = {isa = PBXFileReference; fileEncoding = 4; lastKnownFileType = sourcecode.c.objc; name = PSTGridLayoutItem.m; path = Src/PSTCollectionView/PSTGridLayoutItem.m; sourceTree = SOURCE_ROOT; };
		B7AEE56417D1BEDF001BF8ED /* PSTGridLayoutRow.h */ = {isa = PBXFileReference; fileEncoding = 4; lastKnownFileType = sourcecode.c.h; name = PSTGridLayoutRow.h; path = Src/PSTCollectionView/PSTGridLayoutRow.h; sourceTree = SOURCE_ROOT; };
		B7AEE56517D1BEDF001BF8ED /* PSTGridLayoutRow.m */ = {isa = PBXFileReference; fileEncoding = 4; lastKnownFileType = sourcecode.c.objc; name = PSTGridLayoutRow.m; path = Src/PSTCollectionView/PSTGridLayoutRow.m; sourceTree = SOURCE_ROOT; };
		B7AEE56617D1BEDF001BF8ED /* PSTGridLayoutSection.h */ = {isa = PBXFileReference; fileEncoding = 4; lastKnownFileType = sourcecode.c.h; name = PSTGridLayoutSection.h; path = Src/PSTCollectionView/PSTGridLayoutSection.h; sourceTree = SOURCE_ROOT; };
		B7AEE56717D1BEDF001BF8ED /* PSTGridLayoutSection.m */ = {isa = PBXFileReference; fileEncoding = 4; lastKnownFileType = sourcecode.c.objc; name = PSTGridLayoutSection.m; path = Src/PSTCollectionView/PSTGridLayoutSection.m; sourceTree = SOURCE_ROOT; };
		B7AEE57517D1BEFD001BF8ED /* home-background.jpg */ = {isa = PBXFileReference; lastKnownFileType = image.jpeg; name = "home-background.jpg"; path = "Src/pics/home-background.jpg"; sourceTree = SOURCE_ROOT; };
		B7AEE57617D1BEFD001BF8ED /* logo72-3.png */ = {isa = PBXFileReference; lastKnownFileType = image.png; name = "logo72-3.png"; path = "Src/pics/logo72-3.png"; sourceTree = SOURCE_ROOT; };
		B7AEE57717D1BEFD001BF8ED /* logo72-2.png */ = {isa = PBXFileReference; lastKnownFileType = image.png; name = "logo72-2.png"; path = "Src/pics/logo72-2.png"; sourceTree = SOURCE_ROOT; };
		B7AEE57817D1BEFD001BF8ED /* logo72.png */ = {isa = PBXFileReference; lastKnownFileType = image.png; name = logo72.png; path = Src/pics/logo72.png; sourceTree = SOURCE_ROOT; };
		B7AEE57B17D1BEFD001BF8ED /* wine1.png */ = {isa = PBXFileReference; lastKnownFileType = image.png; name = wine1.png; path = Src/pics/wine1.png; sourceTree = SOURCE_ROOT; };
		B7AEE57C17D1BEFD001BF8ED /* wine2.png */ = {isa = PBXFileReference; lastKnownFileType = image.png; name = wine2.png; path = Src/pics/wine2.png; sourceTree = SOURCE_ROOT; };
		B7AEE57D17D1BEFD001BF8ED /* wine3.png */ = {isa = PBXFileReference; lastKnownFileType = image.png; name = wine3.png; path = Src/pics/wine3.png; sourceTree = SOURCE_ROOT; };
		B7AEE57E17D1BEFD001BF8ED /* wine4.png */ = {isa = PBXFileReference; lastKnownFileType = image.png; name = wine4.png; path = Src/pics/wine4.png; sourceTree = SOURCE_ROOT; };
		B7AEE57F17D1BEFD001BF8ED /* wine5.png */ = {isa = PBXFileReference; lastKnownFileType = image.png; name = wine5.png; path = Src/pics/wine5.png; sourceTree = SOURCE_ROOT; };
		B7AEE58017D1BEFD001BF8ED /* wine6.png */ = {isa = PBXFileReference; lastKnownFileType = image.png; name = wine6.png; path = Src/pics/wine6.png; sourceTree = SOURCE_ROOT; };
		B7AEE58117D1BEFD001BF8ED /* wine7.png */ = {isa = PBXFileReference; lastKnownFileType = image.png; name = wine7.png; path = Src/pics/wine7.png; sourceTree = SOURCE_ROOT; };
		B7AEE58217D1BEFD001BF8ED /* wine8.png */ = {isa = PBXFileReference; lastKnownFileType = image.png; name = wine8.png; path = Src/pics/wine8.png; sourceTree = SOURCE_ROOT; };
		B7AEE58317D1BEFD001BF8ED /* wine9.png */ = {isa = PBXFileReference; lastKnownFileType = image.png; name = wine9.png; path = Src/pics/wine9.png; sourceTree = SOURCE_ROOT; };
		B7AEE58417D1BEFD001BF8ED /* wine10.png */ = {isa = PBXFileReference; lastKnownFileType = image.png; name = wine10.png; path = Src/pics/wine10.png; sourceTree = SOURCE_ROOT; };
		B7AEE58517D1BEFD001BF8ED /* wine11.png */ = {isa = PBXFileReference; lastKnownFileType = image.png; name = wine11.png; path = Src/pics/wine11.png; sourceTree = SOURCE_ROOT; };
		B7AEE58617D1BEFD001BF8ED /* wine12.png */ = {isa = PBXFileReference; lastKnownFileType = image.png; name = wine12.png; path = Src/pics/wine12.png; sourceTree = SOURCE_ROOT; };
		B7AEE58717D1BEFD001BF8ED /* wine13.png */ = {isa = PBXFileReference; lastKnownFileType = image.png; name = wine13.png; path = Src/pics/wine13.png; sourceTree = SOURCE_ROOT; };
		B7AEE58817D1BEFD001BF8ED /* wine14.png */ = {isa = PBXFileReference; lastKnownFileType = image.png; name = wine14.png; path = Src/pics/wine14.png; sourceTree = SOURCE_ROOT; };
		B7AEE58917D1BEFD001BF8ED /* wine15.png */ = {isa = PBXFileReference; lastKnownFileType = image.png; name = wine15.png; path = Src/pics/wine15.png; sourceTree = SOURCE_ROOT; };
		B7AEE58A17D1BEFD001BF8ED /* wine16.png */ = {isa = PBXFileReference; lastKnownFileType = image.png; name = wine16.png; path = Src/pics/wine16.png; sourceTree = SOURCE_ROOT; };
		B7AEE58B17D1BEFD001BF8ED /* wine17.png */ = {isa = PBXFileReference; lastKnownFileType = image.png; name = wine17.png; path = Src/pics/wine17.png; sourceTree = SOURCE_ROOT; };
		B7AEE58C17D1BEFD001BF8ED /* wine18.png */ = {isa = PBXFileReference; lastKnownFileType = image.png; name = wine18.png; path = Src/pics/wine18.png; sourceTree = SOURCE_ROOT; };
		B7AEE58D17D1BEFD001BF8ED /* wine19.png */ = {isa = PBXFileReference; lastKnownFileType = image.png; name = wine19.png; path = Src/pics/wine19.png; sourceTree = SOURCE_ROOT; };
		B7AEE58E17D1BEFD001BF8ED /* wine20.png */ = {isa = PBXFileReference; lastKnownFileType = image.png; name = wine20.png; path = Src/pics/wine20.png; sourceTree = SOURCE_ROOT; };
		B7AEE58F17D1BEFD001BF8ED /* wine21.png */ = {isa = PBXFileReference; lastKnownFileType = image.png; name = wine21.png; path = Src/pics/wine21.png; sourceTree = SOURCE_ROOT; };
		B7AEE59017D1BEFD001BF8ED /* wine22.png */ = {isa = PBXFileReference; lastKnownFileType = image.png; name = wine22.png; path = Src/pics/wine22.png; sourceTree = SOURCE_ROOT; };
		B7AEE59117D1BEFD001BF8ED /* wine23.png */ = {isa = PBXFileReference; lastKnownFileType = image.png; name = wine23.png; path = Src/pics/wine23.png; sourceTree = SOURCE_ROOT; };
		B7AEE59217D1BEFD001BF8ED /* wine24.png */ = {isa = PBXFileReference; lastKnownFileType = image.png; name = wine24.png; path = Src/pics/wine24.png; sourceTree = SOURCE_ROOT; };
		B7AEE59417D1BEFD001BF8ED /* single-9.png */ = {isa = PBXFileReference; lastKnownFileType = image.png; name = "single-9.png"; path = "Src/pics/single-9.png"; sourceTree = SOURCE_ROOT; };
		B7AEE59517D1BEFD001BF8ED /* single-8.png */ = {isa = PBXFileReference; lastKnownFileType = image.png; name = "single-8.png"; path = "Src/pics/single-8.png"; sourceTree = SOURCE_ROOT; };
		B7AEE59617D1BEFD001BF8ED /* single-7.png */ = {isa = PBXFileReference; lastKnownFileType = image.png; name = "single-7.png"; path = "Src/pics/single-7.png"; sourceTree = SOURCE_ROOT; };
		B7AEE59717D1BEFD001BF8ED /* single-6.png */ = {isa = PBXFileReference; lastKnownFileType = image.png; name = "single-6.png"; path = "Src/pics/single-6.png"; sourceTree = SOURCE_ROOT; };
		B7AEE59817D1BEFD001BF8ED /* single-5.png */ = {isa = PBXFileReference; lastKnownFileType = image.png; name = "single-5.png"; path = "Src/pics/single-5.png"; sourceTree = SOURCE_ROOT; };
		B7AEE59917D1BEFD001BF8ED /* single-4.png */ = {isa = PBXFileReference; lastKnownFileType = image.png; name = "single-4.png"; path = "Src/pics/single-4.png"; sourceTree = SOURCE_ROOT; };
		B7AEE59A17D1BEFD001BF8ED /* single-3.png */ = {isa = PBXFileReference; lastKnownFileType = image.png; name = "single-3.png"; path = "Src/pics/single-3.png"; sourceTree = SOURCE_ROOT; };
		B7AEE59B17D1BEFD001BF8ED /* single-2.png */ = {isa = PBXFileReference; lastKnownFileType = image.png; name = "single-2.png"; path = "Src/pics/single-2.png"; sourceTree = SOURCE_ROOT; };
		B7AEE59C17D1BEFD001BF8ED /* single-1.png */ = {isa = PBXFileReference; lastKnownFileType = image.png; name = "single-1.png"; path = "Src/pics/single-1.png"; sourceTree = SOURCE_ROOT; };
		B7AEE59D17D1BEFD001BF8ED /* single-16.png */ = {isa = PBXFileReference; lastKnownFileType = image.png; name = "single-16.png"; path = "Src/pics/single-16.png"; sourceTree = SOURCE_ROOT; };
		B7AEE59E17D1BEFD001BF8ED /* single-15.png */ = {isa = PBXFileReference; lastKnownFileType = image.png; name = "single-15.png"; path = "Src/pics/single-15.png"; sourceTree = SOURCE_ROOT; };
		B7AEE59F17D1BEFD001BF8ED /* single-14.png */ = {isa = PBXFileReference; lastKnownFileType = image.png; name = "single-14.png"; path = "Src/pics/single-14.png"; sourceTree = SOURCE_ROOT; };
		B7AEE5A017D1BEFD001BF8ED /* single-13.png */ = {isa = PBXFileReference; lastKnownFileType = image.png; name = "single-13.png"; path = "Src/pics/single-13.png"; sourceTree = SOURCE_ROOT; };
		B7AEE5A117D1BEFD001BF8ED /* single-12.png */ = {isa = PBXFileReference; lastKnownFileType = image.png; name = "single-12.png"; path = "Src/pics/single-12.png"; sourceTree = SOURCE_ROOT; };
		B7AEE5A217D1BEFD001BF8ED /* single-11.png */ = {isa = PBXFileReference; lastKnownFileType = image.png; name = "single-11.png"; path = "Src/pics/single-11.png"; sourceTree = SOURCE_ROOT; };
		B7AEE5A317D1BEFD001BF8ED /* single-10.png */ = {isa = PBXFileReference; lastKnownFileType = image.png; name = "single-10.png"; path = "Src/pics/single-10.png"; sourceTree = SOURCE_ROOT; };
		B7AEE5A417D1BEFE001BF8ED /* rightbutton.png */ = {isa = PBXFileReference; lastKnownFileType = image.png; name = rightbutton.png; path = Src/pics/rightbutton.png; sourceTree = SOURCE_ROOT; };
		B7AEE5A517D1BEFE001BF8ED /* leftbutton.png */ = {isa = PBXFileReference; lastKnownFileType = image.png; name = leftbutton.png; path = Src/pics/leftbutton.png; sourceTree = SOURCE_ROOT; };
		B7AEE5A617D1BEFE001BF8ED /* single-back.jpg */ = {isa = PBXFileReference; lastKnownFileType = image.jpeg; name = "single-back.jpg"; path = "Src/pics/single-back.jpg"; sourceTree = SOURCE_ROOT; };
		B7AEE5A717D1BEFE001BF8ED /* wines-back-button.png */ = {isa = PBXFileReference; lastKnownFileType = image.png; name = "wines-back-button.png"; path = "Src/pics/wines-back-button.png"; sourceTree = SOURCE_ROOT; };
		B7AEE5A817D1BEFE001BF8ED /* wines-back.jpg */ = {isa = PBXFileReference; lastKnownFileType = image.jpeg; name = "wines-back.jpg"; path = "Src/pics/wines-back.jpg"; sourceTree = SOURCE_ROOT; };
		B7AEE5A917D1BEFE001BF8ED /* home-button2.png */ = {isa = PBXFileReference; lastKnownFileType = image.png; name = "home-button2.png"; path = "Src/pics/home-button2.png"; sourceTree = SOURCE_ROOT; };
		B7AEE5AA17D1BEFE001BF8ED /* home-button1.png */ = {isa = PBXFileReference; lastKnownFileType = image.png; name = "home-button1.png"; path = "Src/pics/home-button1.png"; sourceTree = SOURCE_ROOT; };
		B7AEE5E117D1BF32001BF8ED /* AppDelegate.h */ = {isa = PBXFileReference; fileEncoding = 4; lastKnownFileType = sourcecode.c.h; name = AppDelegate.h; path = Src/AppDelegate.h; sourceTree = SOURCE_ROOT; };
		B7AEE5E217D1BF32001BF8ED /* AppDelegate.m */ = {isa = PBXFileReference; fileEncoding = 4; lastKnownFileType = sourcecode.c.objc; name = AppDelegate.m; path = Src/AppDelegate.m; sourceTree = SOURCE_ROOT; };
		B7AEE5E317D1BF32001BF8ED /* ViewController.h */ = {isa = PBXFileReference; fileEncoding = 4; lastKnownFileType = sourcecode.c.h; name = ViewController.h; path = Src/ViewController.h; sourceTree = SOURCE_ROOT; };
		B7AEE5E417D1BF32001BF8ED /* ViewController.m */ = {isa = PBXFileReference; fileEncoding = 4; lastKnownFileType = sourcecode.c.objc; name = ViewController.m; path = Src/ViewController.m; sourceTree = SOURCE_ROOT; };
		B7AEE5E517D1BF32001BF8ED /* WineBigViewController.h */ = {isa = PBXFileReference; fileEncoding = 4; lastKnownFileType = sourcecode.c.h; name = WineBigViewController.h; path = Src/WineBigViewController.h; sourceTree = SOURCE_ROOT; };
		B7AEE5E617D1BF32001BF8ED /* WineBigViewController.m */ = {isa = PBXFileReference; fileEncoding = 4; lastKnownFileType = sourcecode.c.objc; name = WineBigViewController.m; path = Src/WineBigViewController.m; sourceTree = SOURCE_ROOT; };
		B7AEE5E717D1BF32001BF8ED /* WineBigViewController.xib */ = {isa = PBXFileReference; fileEncoding = 4; lastKnownFileType = file.xib; name = WineBigViewController.xib; path = Src/WineBigViewController.xib; sourceTree = SOURCE_ROOT; };
		B7AEE5E817D1BF32001BF8ED /* WinesViewController.h */ = {isa = PBXFileReference; fileEncoding = 4; lastKnownFileType = sourcecode.c.h; name = WinesViewController.h; path = Src/WinesViewController.h; sourceTree = SOURCE_ROOT; };
		B7AEE5E917D1BF32001BF8ED /* WinesViewController.m */ = {isa = PBXFileReference; fileEncoding = 4; lastKnownFileType = sourcecode.c.objc; name = WinesViewController.m; path = Src/WinesViewController.m; sourceTree = SOURCE_ROOT; };
		B7AEE5EA17D1BF32001BF8ED /* WinesViewController.xib */ = {isa = PBXFileReference; fileEncoding = 4; lastKnownFileType = file.xib; name = WinesViewController.xib; path = Src/WinesViewController.xib; sourceTree = SOURCE_ROOT; };
		B7AEE5F117D1BF5D001BF8ED /* ViewController.xib */ = {isa = PBXFileReference; fileEncoding = 4; lastKnownFileType = file.xib; name = ViewController.xib; path = Src/ViewController.xib; sourceTree = SOURCE_ROOT; };
		B7AEE60217D1C03F001BF8ED /* en */ = {isa = PBXFileReference; lastKnownFileType = text.plist.strings; name = en; path = Src/en.lproj/InfoPlist.strings; sourceTree = SOURCE_ROOT; };
		B7AEE60417D1C09F001BF8ED /* Default-568h@2x.png */ = {isa = PBXFileReference; lastKnownFileType = image.png; name = "Default-568h@2x.png"; path = "Src/Supporting/Default-568h@2x.png"; sourceTree = SOURCE_ROOT; };
		B7AEE60517D1C09F001BF8ED /* Default-Landscape~ipad.png */ = {isa = PBXFileReference; lastKnownFileType = image.png; name = "Default-Landscape~ipad.png"; path = "Src/Supporting/Default-Landscape~ipad.png"; sourceTree = SOURCE_ROOT; };
		B7AEE60617D1C09F001BF8ED /* Default.png */ = {isa = PBXFileReference; lastKnownFileType = image.png; name = Default.png; path = Src/Supporting/Default.png; sourceTree = SOURCE_ROOT; };
		B7AEE60717D1C09F001BF8ED /* Default@2x.png */ = {isa = PBXFileReference; lastKnownFileType = image.png; name = "Default@2x.png"; path = "Src/Supporting/Default@2x.png"; sourceTree = SOURCE_ROOT; };
		B7AEE60817D1C09F001BF8ED /* logo72-3.png */ = {isa = PBXFileReference; lastKnownFileType = image.png; name = "logo72-3.png"; path = "Src/Supporting/logo72-3.png"; sourceTree = SOURCE_ROOT; };
		B7AEE60917D1C09F001BF8ED /* main.m */ = {isa = PBXFileReference; fileEncoding = 4; lastKnownFileType = sourcecode.c.objc; name = main.m; path = Src/Supporting/main.m; sourceTree = SOURCE_ROOT; };
		B7AEE60A17D1C09F001BF8ED /* Wine-Info.plist */ = {isa = PBXFileReference; fileEncoding = 4; lastKnownFileType = text.plist.xml; name = "Wine-Info.plist"; path = "Src/Supporting/Wine-Info.plist"; sourceTree = SOURCE_ROOT; };
		B7AEE60B17D1C09F001BF8ED /* Wine-Prefix.pch */ = {isa = PBXFileReference; fileEncoding = 4; lastKnownFileType = sourcecode.c.h; name = "Wine-Prefix.pch"; path = "Src/Supporting/Wine-Prefix.pch"; sourceTree = SOURCE_ROOT; };
		B7AEE60C17D1C09F001BF8ED /* Wine.entitlements */ = {isa = PBXFileReference; fileEncoding = 4; lastKnownFileType = text.xml; name = Wine.entitlements; path = Src/Supporting/Wine.entitlements; sourceTree = SOURCE_ROOT; };
		B7AEE61617D1C303001BF8ED /* ALCHEMY_EDIT_006-H264_720P.mov */ = {isa = PBXFileReference; lastKnownFileType = video.quicktime; name = "ALCHEMY_EDIT_006-H264_720P.mov"; path = "Src/videos/ALCHEMY_EDIT_006-H264_720P.mov"; sourceTree = SOURCE_ROOT; };
		B7AEE61717D1C303001BF8ED /* movie1.m4v */ = {isa = PBXFileReference; lastKnownFileType = file; name = movie1.m4v; path = Src/videos/movie1.m4v; sourceTree = SOURCE_ROOT; };
		B7AEE61817D1C303001BF8ED /* RGS+video+final.mov */ = {isa = PBXFileReference; lastKnownFileType = video.quicktime; name = "RGS+video+final.mov"; path = "Src/videos/RGS+video+final.mov"; sourceTree = SOURCE_ROOT; };
		B7B0A72117B68C11001E8DAD /* QuartzCore.framework */ = {isa = PBXFileReference; lastKnownFileType = wrapper.framework; name = QuartzCore.framework; path = System/Library/Frameworks/QuartzCore.framework; sourceTree = SDKROOT; };
		B7B1222217B13A3A00A6A1D4 /* Wine.app */ = {isa = PBXFileReference; explicitFileType = wrapper.application; includeInIndex = 0; path = Wine.app; sourceTree = BUILT_PRODUCTS_DIR; };
		B7B1222517B13A3A00A6A1D4 /* UIKit.framework */ = {isa = PBXFileReference; lastKnownFileType = wrapper.framework; name = UIKit.framework; path = System/Library/Frameworks/UIKit.framework; sourceTree = SDKROOT; };
		B7B1222717B13A3A00A6A1D4 /* Foundation.framework */ = {isa = PBXFileReference; lastKnownFileType = wrapper.framework; name = Foundation.framework; path = System/Library/Frameworks/Foundation.framework; sourceTree = SDKROOT; };
		B7B1222917B13A3A00A6A1D4 /* CoreGraphics.framework */ = {isa = PBXFileReference; lastKnownFileType = wrapper.framework; name = CoreGraphics.framework; path = System/Library/Frameworks/CoreGraphics.framework; sourceTree = SDKROOT; };
		B7B64E1B17CCF0A60040E0F0 /* MediaPlayer.framework */ = {isa = PBXFileReference; lastKnownFileType = wrapper.framework; name = MediaPlayer.framework; path = System/Library/Frameworks/MediaPlayer.framework; sourceTree = SDKROOT; };
/* End PBXFileReference section */

/* Begin PBXFrameworksBuildPhase section */
		B7B1221F17B13A3A00A6A1D4 /* Frameworks */ = {
			isa = PBXFrameworksBuildPhase;
			buildActionMask = 2147483647;
			files = (
				B7B64E1C17CCF0A60040E0F0 /* MediaPlayer.framework in Frameworks */,
				B71A609617BE2F5B00C04BE9 /* CoreTelephony.framework in Frameworks */,
				B71A609417BE2F5000C04BE9 /* libstdc++.dylib in Frameworks */,
				B71A609217BE2F3700C04BE9 /* libsqlite3.dylib in Frameworks */,
				B71A609017BE2C5000C04BE9 /* SystemConfiguration.framework in Frameworks */,
				B71A608E17BE2C4400C04BE9 /* MessageUI.framework in Frameworks */,
				B71A608C17BE2C2E00C04BE9 /* libz.1.2.5.dylib in Frameworks */,
				B71A608A17BE2C1F00C04BE9 /* libicucore.dylib in Frameworks */,
				B7B0A72217B68C11001E8DAD /* QuartzCore.framework in Frameworks */,
				B7B1222617B13A3A00A6A1D4 /* UIKit.framework in Frameworks */,
				B7B1222817B13A3A00A6A1D4 /* Foundation.framework in Frameworks */,
				B7B1222A17B13A3A00A6A1D4 /* CoreGraphics.framework in Frameworks */,
			);
			runOnlyForDeploymentPostprocessing = 0;
		};
/* End PBXFrameworksBuildPhase section */

/* Begin PBXGroup section */
		B772D14017C5288D00C7AC4C /* UIImage+ColorAtPixel */ = {
			isa = PBXGroup;
			children = (
				B7AEE53317D1BEB9001BF8ED /* UIImage+Alpha.m */,
				B7AEE53417D1BEB9001BF8ED /* UIImage+Tint.m */,
				B7AEE53517D1BEB9001BF8ED /* UIImage+Tint.h */,
				B7AEE53617D1BEB9001BF8ED /* button-normal.png */,
				B7AEE53717D1BEB9001BF8ED /* topleft-normal.png */,
				B7AEE53817D1BEB9001BF8ED /* MyCategoryIVars.h */,
				B7AEE53917D1BEB9001BF8ED /* MyCategoryIVars.mm */,
				B7AEE53A17D1BEB9001BF8ED /* UIImage+Alpha.h */,
				B7AEE53B17D1BEB9001BF8ED /* UIImage+ColorAtPixel.h */,
				B7AEE53C17D1BEB9001BF8ED /* UIImage+ColorAtPixel.m */,
			);
			path = "UIImage+ColorAtPixel";
			sourceTree = "<group>";
		};
		B796A77A17CE1B5800DD3AF3 /* PSTCollectionView */ = {
			isa = PBXGroup;
			children = (
				B7AEE54C17D1BEDF001BF8ED /* NSIndexPath+PSTCollectionViewAdditions.h */,
				B7AEE54D17D1BEDF001BF8ED /* NSIndexPath+PSTCollectionViewAdditions.m */,
				B7AEE54E17D1BEDF001BF8ED /* PSTCollectionView.h */,
				B7AEE54F17D1BEDF001BF8ED /* PSTCollectionView.m */,
				B7AEE55017D1BEDF001BF8ED /* PSTCollectionViewCell.h */,
				B7AEE55117D1BEDF001BF8ED /* PSTCollectionViewCell.m */,
				B7AEE55217D1BEDF001BF8ED /* PSTCollectionViewCommon.h */,
				B7AEE55317D1BEDF001BF8ED /* PSTCollectionViewController.h */,
				B7AEE55417D1BEDF001BF8ED /* PSTCollectionViewController.m */,
				B7AEE55517D1BEDF001BF8ED /* PSTCollectionViewData.h */,
				B7AEE55617D1BEDF001BF8ED /* PSTCollectionViewData.m */,
				B7AEE55717D1BEDF001BF8ED /* PSTCollectionViewFlowLayout.h */,
				B7AEE55817D1BEDF001BF8ED /* PSTCollectionViewFlowLayout.m */,
				B7AEE55917D1BEDF001BF8ED /* PSTCollectionViewItemKey.h */,
				B7AEE55A17D1BEDF001BF8ED /* PSTCollectionViewItemKey.m */,
				B7AEE55B17D1BEDF001BF8ED /* PSTCollectionViewLayout.h */,
				B7AEE55C17D1BEDF001BF8ED /* PSTCollectionViewLayout.m */,
				B7AEE55D17D1BEDF001BF8ED /* PSTCollectionViewLayout+Internals.h */,
				B7AEE55E17D1BEDF001BF8ED /* PSTCollectionViewUpdateItem.h */,
				B7AEE55F17D1BEDF001BF8ED /* PSTCollectionViewUpdateItem.m */,
				B7AEE56017D1BEDF001BF8ED /* PSTGridLayoutInfo.h */,
				B7AEE56117D1BEDF001BF8ED /* PSTGridLayoutInfo.m */,
				B7AEE56217D1BEDF001BF8ED /* PSTGridLayoutItem.h */,
				B7AEE56317D1BEDF001BF8ED /* PSTGridLayoutItem.m */,
				B7AEE56417D1BEDF001BF8ED /* PSTGridLayoutRow.h */,
				B7AEE56517D1BEDF001BF8ED /* PSTGridLayoutRow.m */,
				B7AEE56617D1BEDF001BF8ED /* PSTGridLayoutSection.h */,
				B7AEE56717D1BEDF001BF8ED /* PSTGridLayoutSection.m */,
			);
			name = PSTCollectionView;
			sourceTree = "<group>";
		};
		B7AEE50717D1BCB5001BF8ED /* ImageNavigation */ = {
			isa = PBXGroup;
			children = (
				B7AEE54317D1BEC8001BF8ED /* ImageCell.m */,
				B7AEE54417D1BEC8001BF8ED /* ImageNavigationViewController.m */,
				B7AEE54517D1BEC8001BF8ED /* ImageNavigationViewController.h */,
				B7AEE54617D1BEC8001BF8ED /* ImageTableLayout.m */,
				B7AEE54717D1BEC8001BF8ED /* ImageCell.h */,
				B7AEE54817D1BEC8001BF8ED /* ImageTableLayout.h */,
			);
			name = ImageNavigation;
			sourceTree = "<group>";
		};
		B7AEE51417D1BDDF001BF8ED /* Utilities */ = {
			isa = PBXGroup;
			children = (
				B7AEE52417D1BEA8001BF8ED /* AutoRotateNavigationViewController.h */,
				B7AEE52517D1BEA8001BF8ED /* AutoRotateNavigationViewController.m */,
				B7AEE52617D1BEA8001BF8ED /* GlobalFunctions.h */,
				B7AEE52717D1BEA8001BF8ED /* GlobalFunctions.m */,
				B7AEE52817D1BEA8001BF8ED /* UIDraggableView.m */,
				B7AEE52917D1BEA8001BF8ED /* UIDraggableView.h */,
				B7AEE52A17D1BEA8001BF8ED /* UIRoundRectView.m */,
				B7AEE52B17D1BEA8001BF8ED /* UIRoundRectView.h */,
				B7AEE52C17D1BEA8001BF8ED /* AutoLayoutHelper.m */,
				B7AEE52D17D1BEA8001BF8ED /* AutoLayoutHelper.h */,
			);
			name = Utilities;
			sourceTree = "<group>";
		};
		B7AEE60017D1C014001BF8ED /* en.lproj */ = {
			isa = PBXGroup;
			children = (
				B7AEE60117D1C03F001BF8ED /* InfoPlist.strings */,
			);
			name = en.lproj;
			sourceTree = "<group>";
		};
		B7AEE61517D1C2D0001BF8ED /* videos */ = {
			isa = PBXGroup;
			children = (
				B7AEE61617D1C303001BF8ED /* ALCHEMY_EDIT_006-H264_720P.mov */,
				B7AEE61717D1C303001BF8ED /* movie1.m4v */,
				B7AEE61817D1C303001BF8ED /* RGS+video+final.mov */,
			);
			name = videos;
			sourceTree = "<group>";
		};
		B7B1221917B13A3A00A6A1D4 = {
			isa = PBXGroup;
			children = (
				B7B1222B17B13A3A00A6A1D4 /* Src */,
				B7B1222417B13A3A00A6A1D4 /* Frameworks */,
				B7B1222317B13A3A00A6A1D4 /* Products */,
			);
			sourceTree = "<group>";
		};
		B7B1222317B13A3A00A6A1D4 /* Products */ = {
			isa = PBXGroup;
			children = (
				B7B1222217B13A3A00A6A1D4 /* Wine.app */,
			);
			name = Products;
			sourceTree = "<group>";
		};
		B7B1222417B13A3A00A6A1D4 /* Frameworks */ = {
			isa = PBXGroup;
			children = (
				B7B64E1B17CCF0A60040E0F0 /* MediaPlayer.framework */,
				B71A609517BE2F5B00C04BE9 /* CoreTelephony.framework */,
				B71A609317BE2F5000C04BE9 /* libstdc++.dylib */,
				B71A609117BE2F3700C04BE9 /* libsqlite3.dylib */,
				B71A608F17BE2C5000C04BE9 /* SystemConfiguration.framework */,
				B71A608D17BE2C4400C04BE9 /* MessageUI.framework */,
				B71A608B17BE2C2E00C04BE9 /* libz.1.2.5.dylib */,
				B71A608917BE2C1F00C04BE9 /* libicucore.dylib */,
				B7B0A72117B68C11001E8DAD /* QuartzCore.framework */,
				B7B1222517B13A3A00A6A1D4 /* UIKit.framework */,
				B7B1222717B13A3A00A6A1D4 /* Foundation.framework */,
				B7B1222917B13A3A00A6A1D4 /* CoreGraphics.framework */,
			);
			name = Frameworks;
			sourceTree = "<group>";
		};
		B7B1222B17B13A3A00A6A1D4 /* Src */ = {
			isa = PBXGroup;
			children = (
				B7AEE5E117D1BF32001BF8ED /* AppDelegate.h */,
				B7AEE5E217D1BF32001BF8ED /* AppDelegate.m */,
				B7AEE5E317D1BF32001BF8ED /* ViewController.h */,
				B7AEE5E417D1BF32001BF8ED /* ViewController.m */,
				B7AEE5F117D1BF5D001BF8ED /* ViewController.xib */,
				B7AEE5E517D1BF32001BF8ED /* WineBigViewController.h */,
				B7AEE5E617D1BF32001BF8ED /* WineBigViewController.m */,
				B7AEE5E717D1BF32001BF8ED /* WineBigViewController.xib */,
				B7AEE5E817D1BF32001BF8ED /* WinesViewController.h */,
				B7AEE5E917D1BF32001BF8ED /* WinesViewController.m */,
				B7AEE5EA17D1BF32001BF8ED /* WinesViewController.xib */,
				B7AEE51417D1BDDF001BF8ED /* Utilities */,
				B772D14017C5288D00C7AC4C /* UIImage+ColorAtPixel */,
				B7AEE50717D1BCB5001BF8ED /* ImageNavigation */,
				B796A77A17CE1B5800DD3AF3 /* PSTCollectionView */,
				B7B64E1417CCEDDC0040E0F0 /* pics */,
				B7AEE61517D1C2D0001BF8ED /* videos */,
				B7B1222C17B13A3A00A6A1D4 /* Supporting */,
				B7AEE60017D1C014001BF8ED /* en.lproj */,
			);
			name = Src;
			path = Dulux;
			sourceTree = "<group>";
		};
		B7B1222C17B13A3A00A6A1D4 /* Supporting */ = {
			isa = PBXGroup;
			children = (
				B7AEE60417D1C09F001BF8ED /* Default-568h@2x.png */,
				B7AEE60517D1C09F001BF8ED /* Default-Landscape~ipad.png */,
				B7AEE60617D1C09F001BF8ED /* Default.png */,
				B7AEE60717D1C09F001BF8ED /* Default@2x.png */,
				B7AEE60817D1C09F001BF8ED /* logo72-3.png */,
				B7AEE60917D1C09F001BF8ED /* main.m */,
				B7AEE60A17D1C09F001BF8ED /* Wine-Info.plist */,
				B7AEE60B17D1C09F001BF8ED /* Wine-Prefix.pch */,
				B7AEE60C17D1C09F001BF8ED /* Wine.entitlements */,
			);
			name = Supporting;
			sourceTree = "<group>";
		};
		B7B64E1417CCEDDC0040E0F0 /* pics */ = {
			isa = PBXGroup;
			children = (
				B7AEE57517D1BEFD001BF8ED /* home-background.jpg */,
				B7AEE57617D1BEFD001BF8ED /* logo72-3.png */,
				B7AEE57717D1BEFD001BF8ED /* logo72-2.png */,
				B7AEE57817D1BEFD001BF8ED /* logo72.png */,
				B7AEE57B17D1BEFD001BF8ED /* wine1.png */,
				B7AEE57C17D1BEFD001BF8ED /* wine2.png */,
				B7AEE57D17D1BEFD001BF8ED /* wine3.png */,
				B7AEE57E17D1BEFD001BF8ED /* wine4.png */,
				B7AEE57F17D1BEFD001BF8ED /* wine5.png */,
				B7AEE58017D1BEFD001BF8ED /* wine6.png */,
				B7AEE58117D1BEFD001BF8ED /* wine7.png */,
				B7AEE58217D1BEFD001BF8ED /* wine8.png */,
				B7AEE58317D1BEFD001BF8ED /* wine9.png */,
				B7AEE58417D1BEFD001BF8ED /* wine10.png */,
				B7AEE58517D1BEFD001BF8ED /* wine11.png */,
				B7AEE58617D1BEFD001BF8ED /* wine12.png */,
				B7AEE58717D1BEFD001BF8ED /* wine13.png */,
				B7AEE58817D1BEFD001BF8ED /* wine14.png */,
				B7AEE58917D1BEFD001BF8ED /* wine15.png */,
				B7AEE58A17D1BEFD001BF8ED /* wine16.png */,
				B7AEE58B17D1BEFD001BF8ED /* wine17.png */,
				B7AEE58C17D1BEFD001BF8ED /* wine18.png */,
				B7AEE58D17D1BEFD001BF8ED /* wine19.png */,
				B7AEE58E17D1BEFD001BF8ED /* wine20.png */,
				B7AEE58F17D1BEFD001BF8ED /* wine21.png */,
				B7AEE59017D1BEFD001BF8ED /* wine22.png */,
				B7AEE59117D1BEFD001BF8ED /* wine23.png */,
				B7AEE59217D1BEFD001BF8ED /* wine24.png */,
				B7AEE59417D1BEFD001BF8ED /* single-9.png */,
				B7AEE59517D1BEFD001BF8ED /* single-8.png */,
				B7AEE59617D1BEFD001BF8ED /* single-7.png */,
				B7AEE59717D1BEFD001BF8ED /* single-6.png */,
				B7AEE59817D1BEFD001BF8ED /* single-5.png */,
				B7AEE59917D1BEFD001BF8ED /* single-4.png */,
				B7AEE59A17D1BEFD001BF8ED /* single-3.png */,
				B7AEE59B17D1BEFD001BF8ED /* single-2.png */,
				B7AEE59C17D1BEFD001BF8ED /* single-1.png */,
				B7AEE59D17D1BEFD001BF8ED /* single-16.png */,
				B7AEE59E17D1BEFD001BF8ED /* single-15.png */,
				B7AEE59F17D1BEFD001BF8ED /* single-14.png */,
				B7AEE5A017D1BEFD001BF8ED /* single-13.png */,
				B7AEE5A117D1BEFD001BF8ED /* single-12.png */,
				B7AEE5A217D1BEFD001BF8ED /* single-11.png */,
				B7AEE5A317D1BEFD001BF8ED /* single-10.png */,
				B7AEE5A417D1BEFE001BF8ED /* rightbutton.png */,
				B7AEE5A517D1BEFE001BF8ED /* leftbutton.png */,
				B7AEE5A617D1BEFE001BF8ED /* single-back.jpg */,
				B7AEE5A717D1BEFE001BF8ED /* wines-back-button.png */,
				B7AEE5A817D1BEFE001BF8ED /* wines-back.jpg */,
				B7AEE5A917D1BEFE001BF8ED /* home-button2.png */,
				B7AEE5AA17D1BEFE001BF8ED /* home-button1.png */,
			);
			name = pics;
			sourceTree = "<group>";
		};
/* End PBXGroup section */

/* Begin PBXNativeTarget section */
		B7B1222117B13A3A00A6A1D4 /* Wine */ = {
			isa = PBXNativeTarget;
			buildConfigurationList = B7B1224517B13A3B00A6A1D4 /* Build configuration list for PBXNativeTarget "Wine" */;
			buildPhases = (
				B7B1221E17B13A3A00A6A1D4 /* Sources */,
				B7B1221F17B13A3A00A6A1D4 /* Frameworks */,
				B7B1222017B13A3A00A6A1D4 /* Resources */,
			);
			buildRules = (
			);
			dependencies = (
			);
			name = Wine;
			productName = Dulux;
			productReference = B7B1222217B13A3A00A6A1D4 /* Wine.app */;
			productType = "com.apple.product-type.application";
		};
/* End PBXNativeTarget section */

/* Begin PBXProject section */
		B7B1221A17B13A3A00A6A1D4 /* Project object */ = {
			isa = PBXProject;
			attributes = {
				LastUpgradeCheck = 0460;
				ORGANIZATIONNAME = dangdang;
			};
			buildConfigurationList = B7B1221D17B13A3A00A6A1D4 /* Build configuration list for PBXProject "Wine" */;
			compatibilityVersion = "Xcode 3.2";
			developmentRegion = English;
			hasScannedForEncodings = 0;
			knownRegions = (
				en,
			);
			mainGroup = B7B1221917B13A3A00A6A1D4;
			productRefGroup = B7B1222317B13A3A00A6A1D4 /* Products */;
			projectDirPath = "";
			projectRoot = "";
			targets = (
				B7B1222117B13A3A00A6A1D4 /* Wine */,
			);
		};
/* End PBXProject section */

/* Begin PBXResourcesBuildPhase section */
		B7B1222017B13A3A00A6A1D4 /* Resources */ = {
			isa = PBXResourcesBuildPhase;
			buildActionMask = 2147483647;
			files = (
				B7AEE53F17D1BEB9001BF8ED /* button-normal.png in Resources */,
				B7AEE54017D1BEB9001BF8ED /* topleft-normal.png in Resources */,
				B7AEE5AB17D1BEFE001BF8ED /* home-background.jpg in Resources */,
				B7AEE5AC17D1BEFE001BF8ED /* logo72-3.png in Resources */,
				B7AEE5AD17D1BEFE001BF8ED /* logo72-2.png in Resources */,
				B7AEE5AE17D1BEFE001BF8ED /* logo72.png in Resources */,
				B7AEE5B117D1BEFE001BF8ED /* wine1.png in Resources */,
				B7AEE5B217D1BEFE001BF8ED /* wine2.png in Resources */,
				B7AEE5B317D1BEFE001BF8ED /* wine3.png in Resources */,
				B7AEE5B417D1BEFE001BF8ED /* wine4.png in Resources */,
				B7AEE5B517D1BEFE001BF8ED /* wine5.png in Resources */,
				B7AEE5B617D1BEFE001BF8ED /* wine6.png in Resources */,
				B7AEE5B717D1BEFE001BF8ED /* wine7.png in Resources */,
				B7AEE5B817D1BEFE001BF8ED /* wine8.png in Resources */,
				B7AEE5B917D1BEFE001BF8ED /* wine9.png in Resources */,
				B7AEE5BA17D1BEFE001BF8ED /* wine10.png in Resources */,
				B7AEE5BB17D1BEFE001BF8ED /* wine11.png in Resources */,
				B7AEE5BC17D1BEFE001BF8ED /* wine12.png in Resources */,
				B7AEE5BD17D1BEFE001BF8ED /* wine13.png in Resources */,
				B7AEE5BE17D1BEFE001BF8ED /* wine14.png in Resources */,
				B7AEE5BF17D1BEFE001BF8ED /* wine15.png in Resources */,
				B7AEE5C017D1BEFE001BF8ED /* wine16.png in Resources */,
				B7AEE5C117D1BEFE001BF8ED /* wine17.png in Resources */,
				B7AEE5C217D1BEFE001BF8ED /* wine18.png in Resources */,
				B7AEE5C317D1BEFE001BF8ED /* wine19.png in Resources */,
				B7AEE5C417D1BEFE001BF8ED /* wine20.png in Resources */,
				B7AEE5C517D1BEFE001BF8ED /* wine21.png in Resources */,
				B7AEE5C617D1BEFE001BF8ED /* wine22.png in Resources */,
				B7AEE5C717D1BEFE001BF8ED /* wine23.png in Resources */,
				B7AEE5C817D1BEFE001BF8ED /* wine24.png in Resources */,
				B7AEE5CA17D1BEFE001BF8ED /* single-9.png in Resources */,
				B7AEE5CB17D1BEFE001BF8ED /* single-8.png in Resources */,
				B7AEE5CC17D1BEFE001BF8ED /* single-7.png in Resources */,
				B7AEE5CD17D1BEFE001BF8ED /* single-6.png in Resources */,
				B7AEE5CE17D1BEFE001BF8ED /* single-5.png in Resources */,
				B7AEE5CF17D1BEFE001BF8ED /* single-4.png in Resources */,
				B7AEE5D017D1BEFE001BF8ED /* single-3.png in Resources */,
				B7AEE5D117D1BEFE001BF8ED /* single-2.png in Resources */,
				B7AEE5D217D1BEFE001BF8ED /* single-1.png in Resources */,
				B7AEE5D317D1BEFE001BF8ED /* single-16.png in Resources */,
				B7AEE5D417D1BEFE001BF8ED /* single-15.png in Resources */,
				B7AEE5D517D1BEFE001BF8ED /* single-14.png in Resources */,
				B7AEE5D617D1BEFE001BF8ED /* single-13.png in Resources */,
				B7AEE5D717D1BEFE001BF8ED /* single-12.png in Resources */,
				B7AEE5D817D1BEFE001BF8ED /* single-11.png in Resources */,
				B7AEE5D917D1BEFE001BF8ED /* single-10.png in Resources */,
				B7AEE5DA17D1BEFE001BF8ED /* rightbutton.png in Resources */,
				B7AEE5DB17D1BEFE001BF8ED /* leftbutton.png in Resources */,
				B7AEE5DC17D1BEFE001BF8ED /* single-back.jpg in Resources */,
				B7AEE5DD17D1BEFE001BF8ED /* wines-back-button.png in Resources */,
				B7AEE5DE17D1BEFE001BF8ED /* wines-back.jpg in Resources */,
				B7AEE5DF17D1BEFE001BF8ED /* home-button2.png in Resources */,
				B7AEE5E017D1BEFE001BF8ED /* home-button1.png in Resources */,
				B7AEE5EE17D1BF32001BF8ED /* WineBigViewController.xib in Resources */,
				B7AEE5F017D1BF32001BF8ED /* WinesViewController.xib in Resources */,
				B7AEE5F217D1BF5D001BF8ED /* ViewController.xib in Resources */,
				B7AEE60317D1C03F001BF8ED /* InfoPlist.strings in Resources */,
				B7AEE60D17D1C09F001BF8ED /* Default-568h@2x.png in Resources */,
				B7AEE60F17D1C09F001BF8ED /* Default.png in Resources */,
				B7AEE61017D1C09F001BF8ED /* Default@2x.png in Resources */,
				B7AEE61117D1C09F001BF8ED /* logo72-3.png in Resources */,
				B7AEE61317D1C09F001BF8ED /* Wine-Info.plist in Resources */,
				B7AEE61417D1C09F001BF8ED /* Wine.entitlements in Resources */,
				B7AEE61917D1C303001BF8ED /* ALCHEMY_EDIT_006-H264_720P.mov in Resources */,
				B7AEE61A17D1C303001BF8ED /* movie1.m4v in Resources */,
				B7AEE61B17D1C303001BF8ED /* RGS+video+final.mov in Resources */,
			);
			runOnlyForDeploymentPostprocessing = 0;
		};
/* End PBXResourcesBuildPhase section */

/* Begin PBXSourcesBuildPhase section */
		B7B1221E17B13A3A00A6A1D4 /* Sources */ = {
			isa = PBXSourcesBuildPhase;
			buildActionMask = 2147483647;
			files = (
				B7AEE52E17D1BEA8001BF8ED /* AutoRotateNavigationViewController.m in Sources */,
				B7AEE52F17D1BEA8001BF8ED /* GlobalFunctions.m in Sources */,
				B7AEE53017D1BEA8001BF8ED /* UIDraggableView.m in Sources */,
				B7AEE53117D1BEA8001BF8ED /* UIRoundRectView.m in Sources */,
				B7AEE53217D1BEA8001BF8ED /* AutoLayoutHelper.m in Sources */,
				B7AEE53D17D1BEB9001BF8ED /* UIImage+Alpha.m in Sources */,
				B7AEE53E17D1BEB9001BF8ED /* UIImage+Tint.m in Sources */,
				B7AEE54117D1BEB9001BF8ED /* MyCategoryIVars.mm in Sources */,
				B7AEE54217D1BEB9001BF8ED /* UIImage+ColorAtPixel.m in Sources */,
				B7AEE54917D1BEC8001BF8ED /* ImageCell.m in Sources */,
				B7AEE54A17D1BEC8001BF8ED /* ImageNavigationViewController.m in Sources */,
				B7AEE54B17D1BEC8001BF8ED /* ImageTableLayout.m in Sources */,
				B7AEE56817D1BEDF001BF8ED /* NSIndexPath+PSTCollectionViewAdditions.m in Sources */,
				B7AEE56917D1BEDF001BF8ED /* PSTCollectionView.m in Sources */,
				B7AEE56A17D1BEDF001BF8ED /* PSTCollectionViewCell.m in Sources */,
				B7AEE56B17D1BEDF001BF8ED /* PSTCollectionViewController.m in Sources */,
				B7AEE56C17D1BEDF001BF8ED /* PSTCollectionViewData.m in Sources */,
				B7AEE56D17D1BEDF001BF8ED /* PSTCollectionViewFlowLayout.m in Sources */,
				B7AEE56E17D1BEDF001BF8ED /* PSTCollectionViewItemKey.m in Sources */,
				B7AEE56F17D1BEDF001BF8ED /* PSTCollectionViewLayout.m in Sources */,
				B7AEE57017D1BEDF001BF8ED /* PSTCollectionViewUpdateItem.m in Sources */,
				B7AEE57117D1BEDF001BF8ED /* PSTGridLayoutInfo.m in Sources */,
				B7AEE57217D1BEDF001BF8ED /* PSTGridLayoutItem.m in Sources */,
				B7AEE57317D1BEDF001BF8ED /* PSTGridLayoutRow.m in Sources */,
				B7AEE57417D1BEDF001BF8ED /* PSTGridLayoutSection.m in Sources */,
				B7AEE5EB17D1BF32001BF8ED /* AppDelegate.m in Sources */,
				B7AEE5EC17D1BF32001BF8ED /* ViewController.m in Sources */,
				B7AEE5ED17D1BF32001BF8ED /* WineBigViewController.m in Sources */,
				B7AEE5EF17D1BF32001BF8ED /* WinesViewController.m in Sources */,
				B7AEE61217D1C09F001BF8ED /* main.m in Sources */,
			);
			runOnlyForDeploymentPostprocessing = 0;
		};
/* End PBXSourcesBuildPhase section */

/* Begin PBXVariantGroup section */
		B7AEE60117D1C03F001BF8ED /* InfoPlist.strings */ = {
			isa = PBXVariantGroup;
			children = (
				B7AEE60217D1C03F001BF8ED /* en */,
			);
			name = InfoPlist.strings;
			sourceTree = "<group>";
		};
/* End PBXVariantGroup section */

/* Begin XCBuildConfiguration section */
		B7B1224317B13A3B00A6A1D4 /* Debug */ = {
			isa = XCBuildConfiguration;
			buildSettings = {
				ALWAYS_SEARCH_USER_PATHS = NO;
				CLANG_CXX_LANGUAGE_STANDARD = "gnu++0x";
				CLANG_CXX_LIBRARY = "libc++";
				CLANG_ENABLE_OBJC_ARC = YES;
				CLANG_WARN_CONSTANT_CONVERSION = YES;
				CLANG_WARN_EMPTY_BODY = YES;
				CLANG_WARN_ENUM_CONVERSION = YES;
				CLANG_WARN_INT_CONVERSION = YES;
				CLANG_WARN__DUPLICATE_METHOD_MATCH = YES;
				"CODE_SIGN_IDENTITY[sdk=iphoneos*]" = "iPhone Developer";
				COPY_PHASE_STRIP = NO;
				GCC_C_LANGUAGE_STANDARD = gnu99;
				GCC_DYNAMIC_NO_PIC = NO;
				GCC_OPTIMIZATION_LEVEL = 0;
				GCC_PREPROCESSOR_DEFINITIONS = (
					"DEBUG=1",
					"$(inherited)",
				);
				GCC_SYMBOLS_PRIVATE_EXTERN = NO;
				GCC_WARN_ABOUT_RETURN_TYPE = YES;
				GCC_WARN_UNINITIALIZED_AUTOS = YES;
				GCC_WARN_UNUSED_VARIABLE = YES;
				IPHONEOS_DEPLOYMENT_TARGET = 6.1;
				ONLY_ACTIVE_ARCH = YES;
				SDKROOT = iphoneos;
				TARGETED_DEVICE_FAMILY = 2;
			};
			name = Debug;
		};
		B7B1224417B13A3B00A6A1D4 /* Release */ = {
			isa = XCBuildConfiguration;
			buildSettings = {
				ALWAYS_SEARCH_USER_PATHS = NO;
				CLANG_CXX_LANGUAGE_STANDARD = "gnu++0x";
				CLANG_CXX_LIBRARY = "libc++";
				CLANG_ENABLE_OBJC_ARC = YES;
				CLANG_WARN_CONSTANT_CONVERSION = YES;
				CLANG_WARN_EMPTY_BODY = YES;
				CLANG_WARN_ENUM_CONVERSION = YES;
				CLANG_WARN_INT_CONVERSION = YES;
				CLANG_WARN__DUPLICATE_METHOD_MATCH = YES;
				"CODE_SIGN_IDENTITY[sdk=iphoneos*]" = "iPhone Developer";
				COPY_PHASE_STRIP = YES;
				GCC_C_LANGUAGE_STANDARD = gnu99;
				GCC_WARN_ABOUT_RETURN_TYPE = YES;
				GCC_WARN_UNINITIALIZED_AUTOS = YES;
				GCC_WARN_UNUSED_VARIABLE = YES;
				IPHONEOS_DEPLOYMENT_TARGET = 6.1;
				OTHER_CFLAGS = "-DNS_BLOCK_ASSERTIONS=1";
				SDKROOT = iphoneos;
				TARGETED_DEVICE_FAMILY = 2;
				VALIDATE_PRODUCT = YES;
			};
			name = Release;
		};
		B7B1224617B13A3B00A6A1D4 /* Debug */ = {
			isa = XCBuildConfiguration;
			buildSettings = {
				CODE_SIGN_ENTITLEMENTS = Wine.entitlements;
				CODE_SIGN_IDENTITY = "iPhone Developer";
				"CODE_SIGN_IDENTITY[sdk=iphoneos*]" = "iPhone Developer";
				FRAMEWORK_SEARCH_PATHS = (
					"$(inherited)",
					"\"$(SRCROOT)/Dulux/ShareSDK_v2.3.1/Connection\"",
					"\"$(SRCROOT)/Dulux/ShareSDK_v2.3.1/Core\"",
					"\"$(SRCROOT)/Dulux/ShareSDK_v2.3.1/Extend/RenRenSDK\"",
					"\"$(SRCROOT)/Dulux/ShareSDK_v2.3.1/Extend\"",
					"\"$(SRCROOT)/Dulux/ShareSDK_v2.3.1\"",
					"\"$(SRCROOT)/Dulux/ShareSDK_v2.3.1/UI\"",
				);
				GCC_PRECOMPILE_PREFIX_HEADER = YES;
				GCC_PREFIX_HEADER = "Src/Supporting/Wine-Prefix.pch";
				INFOPLIST_FILE = "Src/Supporting/Wine-Info.plist";
				IPHONEOS_DEPLOYMENT_TARGET = 5.0;
				LIBRARY_SEARCH_PATHS = (
					"$(inherited)",
					"\"$(SRCROOT)/Dulux/ShareSDK_v2.3.1/Extend/SDKExport\"",
					"\"$(SRCROOT)/Dulux/ShareSDK_v2.3.1/Extend/TencentWeiboSSO\"",
				);
				PRODUCT_NAME = Wine;
				PROVISIONING_PROFILE = "";
				"PROVISIONING_PROFILE[sdk=iphoneos*]" = "";
				WRAPPER_EXTENSION = app;
			};
			name = Debug;
		};
		B7B1224717B13A3B00A6A1D4 /* Release */ = {
			isa = XCBuildConfiguration;
			buildSettings = {
				CODE_SIGN_ENTITLEMENTS = Wine.entitlements;
				CODE_SIGN_IDENTITY = "iPhone Developer";
				"CODE_SIGN_IDENTITY[sdk=iphoneos*]" = "iPhone Developer";
				FRAMEWORK_SEARCH_PATHS = (
					"$(inherited)",
					"\"$(SRCROOT)/Dulux/ShareSDK_v2.3.1/Connection\"",
					"\"$(SRCROOT)/Dulux/ShareSDK_v2.3.1/Core\"",
					"\"$(SRCROOT)/Dulux/ShareSDK_v2.3.1/Extend/RenRenSDK\"",
					"\"$(SRCROOT)/Dulux/ShareSDK_v2.3.1/Extend\"",
					"\"$(SRCROOT)/Dulux/ShareSDK_v2.3.1\"",
					"\"$(SRCROOT)/Dulux/ShareSDK_v2.3.1/UI\"",
				);
				GCC_PRECOMPILE_PREFIX_HEADER = YES;
				GCC_PREFIX_HEADER = "Src/Supporting/Wine-Prefix.pch";
				INFOPLIST_FILE = "Src/Supporting/Wine-Info.plist";
				IPHONEOS_DEPLOYMENT_TARGET = 5.0;
				LIBRARY_SEARCH_PATHS = (
					"$(inherited)",
					"\"$(SRCROOT)/Dulux/ShareSDK_v2.3.1/Extend/SDKExport\"",
					"\"$(SRCROOT)/Dulux/ShareSDK_v2.3.1/Extend/TencentWeiboSSO\"",
				);
				PRODUCT_NAME = Wine;
				PROVISIONING_PROFILE = "";
				"PROVISIONING_PROFILE[sdk=iphoneos*]" = "";
				WRAPPER_EXTENSION = app;
			};
			name = Release;
		};
/* End XCBuildConfiguration section */

/* Begin XCConfigurationList section */
		B7B1221D17B13A3A00A6A1D4 /* Build configuration list for PBXProject "Wine" */ = {
			isa = XCConfigurationList;
			buildConfigurations = (
				B7B1224317B13A3B00A6A1D4 /* Debug */,
				B7B1224417B13A3B00A6A1D4 /* Release */,
			);
			defaultConfigurationIsVisible = 0;
			defaultConfigurationName = Release;
		};
		B7B1224517B13A3B00A6A1D4 /* Build configuration list for PBXNativeTarget "Wine" */ = {
			isa = XCConfigurationList;
			buildConfigurations = (
				B7B1224617B13A3B00A6A1D4 /* Debug */,
				B7B1224717B13A3B00A6A1D4 /* Release */,
			);
			defaultConfigurationIsVisible = 0;
			defaultConfigurationName = Release;
		};
/* End XCConfigurationList section */
	};
	rootObject = B7B1221A17B13A3A00A6A1D4 /* Project object */;
}
